<?xml version="1.0" encoding="utf-8"?>
<Project ToolsVersion="4.0" xmlns="http://schemas.microsoft.com/developer/msbuild/2003">
  <ItemGroup>
    <Filter Include="Source Files">
      <UniqueIdentifier>{4FC737F1-C7A5-4376-A066-2A32D752A2FF}</UniqueIdentifier>
      <Extensions>cpp;c;cc;cxx;def;odl;idl;hpj;bat;asm;asmx</Extensions>
    </Filter>
    <Filter Include="Header Files">
      <UniqueIdentifier>{93995380-89BD-4b04-88EB-625FBE52EBFB}</UniqueIdentifier>
      <Extensions>h;hh;hpp;hxx;hm;inl;inc;xsd</Extensions>
    </Filter>
    <Filter Include="Resource Files">
      <UniqueIdentifier>{67DA6AB6-F800-4c08-8B7A-83BB121AAD01}</UniqueIdentifier>
      <Extensions>rc;ico;cur;bmp;dlg;rc2;rct;bin;rgs;gif;jpg;jpeg;jpe;resx;tiff;tif;png;wav;mfcribbon-ms</Extensions>
    </Filter>
    <Filter Include="Header Files\Compiler">
      <UniqueIdentifier>{01431a9d-673c-499c-b8ca-e2d44d3b33a5}</UniqueIdentifier>
    </Filter>
    <Filter Include="Source Files\Compiler">
      <UniqueIdentifier>{39ce6441-a11f-4ebd-a775-ef0266470999}</UniqueIdentifier>
    </Filter>
    <Filter Include="Header Files\Compiler\Nodes">
      <UniqueIdentifier>{49945022-ec27-443a-a326-32a07aef42c3}</UniqueIdentifier>
    </Filter>
    <Filter Include="Source Files\Compiler\Nodes">
      <UniqueIdentifier>{08547bb1-f871-42e2-93dd-3a582de06e5d}</UniqueIdentifier>
    </Filter>
    <Filter Include="Header Files\Interpreter">
      <UniqueIdentifier>{daaaf6e7-6d74-4612-b95a-13ebc5692023}</UniqueIdentifier>
    </Filter>
    <Filter Include="Source Files\Interpreter">
      <UniqueIdentifier>{029275ae-587e-495f-af5e-9167a5587d44}</UniqueIdentifier>
    </Filter>
  </ItemGroup>
  <ItemGroup>
    <ClInclude Include="..\src\TItemPool.h">
      <Filter>Header Files</Filter>
    </ClInclude>
    <ClInclude Include="..\src\StringPool.h">
      <Filter>Header Files</Filter>
    </ClInclude>
    <ClInclude Include="..\src\TObjectPool.h">
      <Filter>Header Files</Filter>
    </ClInclude>
    <ClInclude Include="..\src\TObjectList.h">
      <Filter>Header Files</Filter>
    </ClInclude>
    <ClInclude Include="..\src\MemoryPool.h">
      <Filter>Header Files</Filter>
    </ClInclude>
    <ClInclude Include="..\src\TItemBuffer.h">
      <Filter>Header Files</Filter>
    </ClInclude>
    <ClInclude Include="..\src\Font.h">
      <Filter>Header Files</Filter>
    </ClInclude>
    <ClInclude Include="..\src\Window.h">
      <Filter>Header Files</Filter>
    </ClInclude>
    <ClInclude Include="..\src\SystemCalls.h">
      <Filter>Header Files</Filter>
    </ClInclude>
    <ClInclude Include="..\src\Compiler\Analyzer.h">
      <Filter>Header Files\Compiler</Filter>
    </ClInclude>
    <ClInclude Include="..\src\Compiler\CodePositionTable.h">
      <Filter>Header Files\Compiler</Filter>
    </ClInclude>
    <ClInclude Include="..\src\Compiler\CompileError.h">
      <Filter>Header Files\Compiler</Filter>
    </ClInclude>
    <ClInclude Include="..\src\Compiler\Compiler.h">
      <Filter>Header Files\Compiler</Filter>
    </ClInclude>
    <ClInclude Include="..\src\Compiler\ConstantTable.h">
      <Filter>Header Files\Compiler</Filter>
    </ClInclude>
    <ClInclude Include="..\src\Compiler\FixUpTable.h">
      <Filter>Header Files\Compiler</Filter>
    </ClInclude>
    <ClInclude Include="..\src\Compiler\ISourceStream.h">
      <Filter>Header Files\Compiler</Filter>
    </ClInclude>
    <ClInclude Include="..\src\Compiler\Lexer.h">
      <Filter>Header Files\Compiler</Filter>
    </ClInclude>
    <ClInclude Include="..\src\Compiler\Parser.h">
      <Filter>Header Files\Compiler</Filter>
    </ClInclude>
    <ClInclude Include="..\src\Compiler\Range.h">
      <Filter>Header Files\Compiler</Filter>
    </ClInclude>
    <ClInclude Include="..\src\Compiler\StringTable.h">
      <Filter>Header Files\Compiler</Filter>
    </ClInclude>
    <ClInclude Include="..\src\Compiler\Symbol.h">
      <Filter>Header Files\Compiler</Filter>
    </ClInclude>
    <ClInclude Include="..\src\Compiler\SymbolTable.h">
      <Filter>Header Files\Compiler</Filter>
    </ClInclude>
    <ClInclude Include="..\src\Compiler\TextSourceStream.h">
      <Filter>Header Files\Compiler</Filter>
    </ClInclude>
    <ClInclude Include="..\src\Compiler\Token.h">
      <Filter>Header Files\Compiler</Filter>
    </ClInclude>
    <ClInclude Include="..\src\Compiler\Translator.h">
      <Filter>Header Files\Compiler</Filter>
    </ClInclude>
    <ClInclude Include="..\src\Compiler\Typename.h">
      <Filter>Header Files\Compiler</Filter>
    </ClInclude>
    <ClInclude Include="..\src\Compiler\Nodes\AssignmentStatementNode.h">
      <Filter>Header Files\Compiler\Nodes</Filter>
    </ClInclude>
    <ClInclude Include="..\src\Compiler\Nodes\BinaryExpressionNode.h">
      <Filter>Header Files\Compiler\Nodes</Filter>
    </ClInclude>
    <ClInclude Include="..\src\Compiler\Nodes\EndStatementNode.h">
      <Filter>Header Files\Compiler\Nodes</Filter>
    </ClInclude>
    <ClInclude Include="..\src\Compiler\Nodes\ExpressionNode.h">
      <Filter>Header Files\Compiler\Nodes</Filter>
    </ClInclude>
    <ClInclude Include="..\src\Compiler\Nodes\ForStatementNode.h">
      <Filter>Header Files\Compiler\Nodes</Filter>
    </ClInclude>
    <ClInclude Include="..\src\Compiler\Nodes\FunctionCallExpressionNode.h">
      <Filter>Header Files\Compiler\Nodes</Filter>
    </ClInclude>
    <ClInclude Include="..\src\Compiler\Nodes\GotoStatementNode.h">
      <Filter>Header Files\Compiler\Nodes</Filter>
    </ClInclude>
    <ClInclude Include="..\src\Compiler\Nodes\IdentifierExpressionNode.h">
      <Filter>Header Files\Compiler\Nodes</Filter>
    </ClInclude>
    <ClInclude Include="..\src\Compiler\Nodes\IfStatementNode.h">
      <Filter>Header Files\Compiler\Nodes</Filter>
    </ClInclude>
    <ClInclude Include="..\src\Compiler\Nodes\InputStatementNode.h">
      <Filter>Header Files\Compiler\Nodes</Filter>
    </ClInclude>
    <ClInclude Include="..\src\Compiler\Nodes\IntegerLiteralExpressionNode.h">
      <Filter>Header Files\Compiler\Nodes</Filter>
    </ClInclude>
    <ClInclude Include="..\src\Compiler\Nodes\LabelStatementNode.h">
      <Filter>Header Files\Compiler\Nodes</Filter>
    </ClInclude>
    <ClInclude Include="..\src\Compiler\Nodes\ModuleNode.h">
      <Filter>Header Files\Compiler\Nodes</Filter>
    </ClInclude>
    <ClInclude Include="..\src\Compiler\Nodes\Node.h">
      <Filter>Header Files\Compiler\Nodes</Filter>
    </ClInclude>
    <ClInclude Include="..\src\Compiler\Nodes\NodePool.h">
      <Filter>Header Files\Compiler\Nodes</Filter>
    </ClInclude>
    <ClInclude Include="..\src\Compiler\Nodes\PrintStatementNode.h">
      <Filter>Header Files\Compiler\Nodes</Filter>
    </ClInclude>
    <ClInclude Include="..\src\Compiler\Nodes\StatementNode.h">
      <Filter>Header Files\Compiler\Nodes</Filter>
    </ClInclude>
    <ClInclude Include="..\src\Compiler\Nodes\StringLiteralExpressionNode.h">
      <Filter>Header Files\Compiler\Nodes</Filter>
    </ClInclude>
    <ClInclude Include="..\src\Compiler\Nodes\TNodeList.h">
      <Filter>Header Files\Compiler\Nodes</Filter>
    </ClInclude>
    <ClInclude Include="..\src\Interpreter\Interpreter.h">
      <Filter>Header Files\Interpreter</Filter>
    </ClInclude>
    <ClInclude Include="..\src\Interpreter\Opcodes.h">
      <Filter>Header Files\Interpreter</Filter>
    </ClInclude>
    <ClInclude Include="..\src\Interpreter\Program.h">
      <Filter>Header Files\Interpreter</Filter>
    </ClInclude>
    <ClInclude Include="..\src\Interpreter\Stack.h">
      <Filter>Header Files\Interpreter</Filter>
    </ClInclude>
    <ClInclude Include="..\src\Interpreter\StringManager.h">
      <Filter>Header Files\Interpreter</Filter>
    </ClInclude>
    <ClInclude Include="..\src\Interpreter\StringStack.h">
      <Filter>Header Files\Interpreter</Filter>
    </ClInclude>
    <ClInclude Include="..\src\StringPiece.h">
      <Filter>Header Files</Filter>
    </ClInclude>
  </ItemGroup>
  <ItemGroup>
    <ClCompile Include="..\src\main.cpp">
      <Filter>Source Files</Filter>
    </ClCompile>
    <ClCompile Include="..\src\Window.cpp">
      <Filter>Source Files</Filter>
    </ClCompile>
    <ClCompile Include="..\src\Compiler\Analyzer.cpp">
      <Filter>Source Files\Compiler</Filter>
    </ClCompile>
    <ClCompile Include="..\src\Compiler\CodePositionTable.cpp">
      <Filter>Source Files\Compiler</Filter>
    </ClCompile>
    <ClCompile Include="..\src\Compiler\ConstantTable.cpp">
      <Filter>Source Files\Compiler</Filter>
    </ClCompile>
    <ClCompile Include="..\src\Compiler\FixUpTable.cpp">
      <Filter>Source Files\Compiler</Filter>
    </ClCompile>
    <ClCompile Include="..\src\Compiler\Lexer.cpp">
      <Filter>Source Files\Compiler</Filter>
    </ClCompile>
    <ClCompile Include="..\src\Compiler\Parser.cpp">
      <Filter>Source Files\Compiler</Filter>
    </ClCompile>
    <ClCompile Include="..\src\Compiler\StringTable.cpp">
      <Filter>Source Files\Compiler</Filter>
    </ClCompile>
    <ClCompile Include="..\src\Compiler\SymbolTable.cpp">
      <Filter>Source Files\Compiler</Filter>
    </ClCompile>
    <ClCompile Include="..\src\Compiler\TextSourceStream.cpp">
      <Filter>Source Files\Compiler</Filter>
    </ClCompile>
    <ClCompile Include="..\src\Compiler\Token.cpp">
      <Filter>Source Files\Compiler</Filter>
    </ClCompile>
    <ClCompile Include="..\src\Compiler\Translator.cpp">
      <Filter>Source Files\Compiler</Filter>
    </ClCompile>
    <ClCompile Include="..\src\Compiler\Nodes\AssignmentStatementNode.cpp">
      <Filter>Source Files\Compiler\Nodes</Filter>
    </ClCompile>
    <ClCompile Include="..\src\Compiler\Nodes\BinaryExpressionNode.cpp">
      <Filter>Source Files\Compiler\Nodes</Filter>
    </ClCompile>
    <ClCompile Include="..\src\Compiler\Nodes\EndStatementNode.cpp">
      <Filter>Source Files\Compiler\Nodes</Filter>
    </ClCompile>
    <ClCompile Include="..\src\Compiler\Nodes\ExpressionNode.cpp">
      <Filter>Source Files\Compiler\Nodes</Filter>
    </ClCompile>
    <ClCompile Include="..\src\Compiler\Nodes\ForStatementNode.cpp">
      <Filter>Source Files\Compiler\Nodes</Filter>
    </ClCompile>
    <ClCompile Include="..\src\Compiler\Nodes\FunctionCallExpressionNode.cpp">
      <Filter>Source Files\Compiler\Nodes</Filter>
    </ClCompile>
    <ClCompile Include="..\src\Compiler\Nodes\GotoStatementNode.cpp">
      <Filter>Source Files\Compiler\Nodes</Filter>
    </ClCompile>
    <ClCompile Include="..\src\Compiler\Nodes\IdentifierExpressionNode.cpp">
      <Filter>Source Files\Compiler\Nodes</Filter>
    </ClCompile>
    <ClCompile Include="..\src\Compiler\Nodes\IfStatementNode.cpp">
      <Filter>Source Files\Compiler\Nodes</Filter>
    </ClCompile>
    <ClCompile Include="..\src\Compiler\Nodes\InputStatementNode.cpp">
      <Filter>Source Files\Compiler\Nodes</Filter>
    </ClCompile>
    <ClCompile Include="..\src\Compiler\Nodes\IntegerLiteralExpressionNode.cpp">
      <Filter>Source Files\Compiler\Nodes</Filter>
    </ClCompile>
    <ClCompile Include="..\src\Compiler\Nodes\LabelStatementNode.cpp">
      <Filter>Source Files\Compiler\Nodes</Filter>
    </ClCompile>
    <ClCompile Include="..\src\Compiler\Nodes\ModuleNode.cpp">
      <Filter>Source Files\Compiler\Nodes</Filter>
    </ClCompile>
    <ClCompile Include="..\src\Compiler\Nodes\Node.cpp">
      <Filter>Source Files\Compiler\Nodes</Filter>
    </ClCompile>
    <ClCompile Include="..\src\Compiler\Nodes\PrintStatementNode.cpp">
      <Filter>Source Files\Compiler\Nodes</Filter>
    </ClCompile>
    <ClCompile Include="..\src\Compiler\Nodes\StatementNode.cpp">
      <Filter>Source Files\Compiler\Nodes</Filter>
    </ClCompile>
    <ClCompile Include="..\src\Compiler\Nodes\StringLiteralExpressionNode.cpp">
      <Filter>Source Files\Compiler\Nodes</Filter>
    </ClCompile>
    <ClCompile Include="..\src\Interpreter\Interpreter.cpp">
      <Filter>Source Files\Interpreter</Filter>
    </ClCompile>
    <ClCompile Include="..\src\Interpreter\Stack.cpp">
      <Filter>Source Files\Interpreter</Filter>
    </ClCompile>
    <ClCompile Include="..\src\Interpreter\StringManager.cpp">
      <Filter>Source Files\Interpreter</Filter>
    </ClCompile>
    <ClCompile Include="..\src\Interpreter\StringStack.cpp">
      <Filter>Source Files\Interpreter</Filter>
    </ClCompile>
    <ClCompile Include="..\src\Compiler\Compiler.cpp">
      <Filter>Source Files\Compiler</Filter>
    </ClCompile>
  </ItemGroup>
</Project>