<?xml version="1.0" encoding="utf-8"?>
<Project ToolsVersion="4.0" xmlns="http://schemas.microsoft.com/developer/msbuild/2003">
  <ItemGroup>
    <Filter Include="Source Files">
      <UniqueIdentifier>{4FC737F1-C7A5-4376-A066-2A32D752A2FF}</UniqueIdentifier>
      <Extensions>cpp;c;cc;cxx;def;odl;idl;hpj;bat;asm;asmx</Extensions>
    </Filter>
    <Filter Include="Header Files">
      <UniqueIdentifier>{93995380-89BD-4b04-88EB-625FBE52EBFB}</UniqueIdentifier>
      <Extensions>h;hh;hpp;hxx;hm;inl;inc;xsd</Extensions>
    </Filter>
    <Filter Include="Resource Files">
      <UniqueIdentifier>{67DA6AB6-F800-4c08-8B7A-83BB121AAD01}</UniqueIdentifier>
      <Extensions>rc;ico;cur;bmp;dlg;rc2;rct;bin;rgs;gif;jpg;jpeg;jpe;resx;tiff;tif;png;wav;mfcribbon-ms</Extensions>
    </Filter>
    <Filter Include="Header Files\Nodes">
      <UniqueIdentifier>{49945022-ec27-443a-a326-32a07aef42c3}</UniqueIdentifier>
    </Filter>
    <Filter Include="Source Files\Nodes">
      <UniqueIdentifier>{08547bb1-f871-42e2-93dd-3a582de06e5d}</UniqueIdentifier>
    </Filter>
  </ItemGroup>
  <ItemGroup>
    <ClInclude Include="..\src\ISourceStream.h">
      <Filter>Header Files</Filter>
    </ClInclude>
    <ClInclude Include="..\src\TItemPool.h">
      <Filter>Header Files</Filter>
    </ClInclude>
    <ClInclude Include="..\src\Range.h">
      <Filter>Header Files</Filter>
    </ClInclude>
    <ClInclude Include="..\src\CompileError.h">
      <Filter>Header Files</Filter>
    </ClInclude>
    <ClInclude Include="..\src\String.h">
      <Filter>Header Files</Filter>
    </ClInclude>
    <ClInclude Include="..\src\StringPool.h">
      <Filter>Header Files</Filter>
    </ClInclude>
    <ClInclude Include="..\src\Compiler.h">
      <Filter>Header Files</Filter>
    </ClInclude>
    <ClInclude Include="..\src\Lexer.h">
      <Filter>Header Files</Filter>
    </ClInclude>
    <ClInclude Include="..\src\Token.h">
      <Filter>Header Files</Filter>
    </ClInclude>
    <ClInclude Include="..\src\TObjectPool.h">
      <Filter>Header Files</Filter>
    </ClInclude>
    <ClInclude Include="..\src\TObjectList.h">
      <Filter>Header Files</Filter>
    </ClInclude>
    <ClInclude Include="..\src\TextSourceStream.h">
      <Filter>Header Files</Filter>
    </ClInclude>
    <ClInclude Include="..\src\Parser.h">
      <Filter>Header Files</Filter>
    </ClInclude>
    <ClInclude Include="..\src\Node.h">
      <Filter>Header Files\Nodes</Filter>
    </ClInclude>
    <ClInclude Include="..\src\ModuleNode.h">
      <Filter>Header Files\Nodes</Filter>
    </ClInclude>
    <ClInclude Include="..\src\StatementNode.h">
      <Filter>Header Files\Nodes</Filter>
    </ClInclude>
    <ClInclude Include="..\src\EndStatementNode.h">
      <Filter>Header Files\Nodes</Filter>
    </ClInclude>
    <ClInclude Include="..\src\NodePool.h">
      <Filter>Header Files</Filter>
    </ClInclude>
    <ClInclude Include="..\src\MemoryPool.h">
      <Filter>Header Files</Filter>
    </ClInclude>
    <ClInclude Include="..\src\Analyzer.h">
      <Filter>Header Files</Filter>
    </ClInclude>
    <ClInclude Include="..\src\TNodeList.h">
      <Filter>Header Files\Nodes</Filter>
    </ClInclude>
    <ClInclude Include="..\src\Translator.h">
      <Filter>Header Files</Filter>
    </ClInclude>
    <ClInclude Include="..\src\Program.h">
      <Filter>Header Files</Filter>
    </ClInclude>
    <ClInclude Include="..\src\TItemBuffer.h">
      <Filter>Header Files</Filter>
    </ClInclude>
    <ClInclude Include="..\src\Interpreter.h">
      <Filter>Header Files</Filter>
    </ClInclude>
    <ClInclude Include="..\src\Opcodes.h">
      <Filter>Header Files</Filter>
    </ClInclude>
    <ClInclude Include="..\src\Font.h">
      <Filter>Header Files</Filter>
    </ClInclude>
    <ClInclude Include="..\src\Window.h">
      <Filter>Header Files</Filter>
    </ClInclude>
    <ClInclude Include="..\src\ExpressionNode.h">
      <Filter>Header Files\Nodes</Filter>
    </ClInclude>
    <ClInclude Include="..\src\Typename.h">
      <Filter>Header Files</Filter>
    </ClInclude>
    <ClInclude Include="..\src\PrintStatementNode.h">
      <Filter>Header Files\Nodes</Filter>
    </ClInclude>
    <ClInclude Include="..\src\StringLiteralExpressionNode.h">
      <Filter>Header Files\Nodes</Filter>
    </ClInclude>
    <ClInclude Include="..\src\StringTable.h">
      <Filter>Header Files</Filter>
    </ClInclude>
    <ClInclude Include="..\src\SystemCalls.h">
      <Filter>Header Files</Filter>
    </ClInclude>
    <ClInclude Include="..\src\StringStack.h">
      <Filter>Header Files</Filter>
    </ClInclude>
    <ClInclude Include="..\src\BinaryExpressionNode.h">
      <Filter>Header Files\Nodes</Filter>
    </ClInclude>
    <ClInclude Include="..\src\IntegerLiteralExpressionNode.h">
      <Filter>Header Files\Nodes</Filter>
    </ClInclude>
    <ClInclude Include="..\src\ConstantTable.h">
      <Filter>Header Files</Filter>
    </ClInclude>
    <ClInclude Include="..\src\Stack.h">
      <Filter>Header Files</Filter>
    </ClInclude>
    <ClInclude Include="..\src\AssignmentStatementNode.h">
      <Filter>Header Files\Nodes</Filter>
    </ClInclude>
    <ClInclude Include="..\src\Symbol.h">
      <Filter>Header Files</Filter>
    </ClInclude>
    <ClInclude Include="..\src\SymbolTable.h">
      <Filter>Header Files</Filter>
    </ClInclude>
    <ClInclude Include="..\src\IdentifierExpressionNode.h">
      <Filter>Header Files\Nodes</Filter>
    </ClInclude>
    <ClInclude Include="..\src\StringManager.h">
      <Filter>Header Files</Filter>
    </ClInclude>
    <ClInclude Include="..\src\IfStatementNode.h">
      <Filter>Header Files\Nodes</Filter>
    </ClInclude>
    <ClInclude Include="..\src\CodePositionTable.h">
      <Filter>Header Files</Filter>
    </ClInclude>
    <ClInclude Include="..\src\FixUpTable.h">
      <Filter>Header Files</Filter>
    </ClInclude>
    <ClInclude Include="..\src\LabelStatementNode.h">
      <Filter>Header Files\Nodes</Filter>
    </ClInclude>
    <ClInclude Include="..\src\GotoStatementNode.h">
      <Filter>Header Files\Nodes</Filter>
    </ClInclude>
    <ClInclude Include="..\src\ForStatementNode.h">
      <Filter>Header Files\Nodes</Filter>
    </ClInclude>
    <ClInclude Include="..\src\FunctionCallExpressionNode.h">
      <Filter>Header Files\Nodes</Filter>
    </ClInclude>
    <ClInclude Include="..\src\InputStatementNode.h">
      <Filter>Header Files\Nodes</Filter>
    </ClInclude>
  </ItemGroup>
  <ItemGroup>
    <ClCompile Include="..\src\main.cpp">
      <Filter>Source Files</Filter>
    </ClCompile>
    <ClCompile Include="..\src\Compiler.cpp">
      <Filter>Source Files</Filter>
    </ClCompile>
    <ClCompile Include="..\src\Token.cpp">
      <Filter>Source Files</Filter>
    </ClCompile>
    <ClCompile Include="..\src\Lexer.cpp">
      <Filter>Source Files</Filter>
    </ClCompile>
    <ClCompile Include="..\src\TextSourceStream.cpp">
      <Filter>Source Files</Filter>
    </ClCompile>
    <ClCompile Include="..\src\Parser.cpp">
      <Filter>Source Files</Filter>
    </ClCompile>
    <ClCompile Include="..\src\Node.cpp">
      <Filter>Source Files\Nodes</Filter>
    </ClCompile>
    <ClCompile Include="..\src\ModuleNode.cpp">
      <Filter>Source Files\Nodes</Filter>
    </ClCompile>
    <ClCompile Include="..\src\StatementNode.cpp">
      <Filter>Source Files\Nodes</Filter>
    </ClCompile>
    <ClCompile Include="..\src\EndStatementNode.cpp">
      <Filter>Source Files\Nodes</Filter>
    </ClCompile>
    <ClCompile Include="..\src\Analyzer.cpp">
      <Filter>Source Files</Filter>
    </ClCompile>
    <ClCompile Include="..\src\Translator.cpp">
      <Filter>Source Files</Filter>
    </ClCompile>
    <ClCompile Include="..\src\Interpreter.cpp">
      <Filter>Source Files</Filter>
    </ClCompile>
    <ClCompile Include="..\src\Window.cpp">
      <Filter>Source Files</Filter>
    </ClCompile>
    <ClCompile Include="..\src\ExpressionNode.cpp">
      <Filter>Source Files\Nodes</Filter>
    </ClCompile>
    <ClCompile Include="..\src\PrintStatementNode.cpp">
      <Filter>Source Files\Nodes</Filter>
    </ClCompile>
    <ClCompile Include="..\src\StringLiteralExpressionNode.cpp">
      <Filter>Source Files\Nodes</Filter>
    </ClCompile>
    <ClCompile Include="..\src\StringTable.cpp">
      <Filter>Source Files</Filter>
    </ClCompile>
    <ClCompile Include="..\src\BinaryExpressionNode.cpp">
      <Filter>Source Files\Nodes</Filter>
    </ClCompile>
    <ClCompile Include="..\src\StringStack.cpp">
      <Filter>Source Files</Filter>
    </ClCompile>
    <ClCompile Include="..\src\IntegerLiteralExpressionNode.cpp">
      <Filter>Source Files\Nodes</Filter>
    </ClCompile>
    <ClCompile Include="..\src\ConstantTable.cpp">
      <Filter>Source Files</Filter>
    </ClCompile>
    <ClCompile Include="..\src\Stack.cpp">
      <Filter>Source Files</Filter>
    </ClCompile>
    <ClCompile Include="..\src\AssignmentStatementNode.cpp">
      <Filter>Source Files\Nodes</Filter>
    </ClCompile>
    <ClCompile Include="..\src\SymbolTable.cpp">
      <Filter>Source Files</Filter>
    </ClCompile>
    <ClCompile Include="..\src\IdentifierExpressionNode.cpp">
      <Filter>Source Files\Nodes</Filter>
    </ClCompile>
    <ClCompile Include="..\src\StringManager.cpp">
      <Filter>Source Files</Filter>
    </ClCompile>
    <ClCompile Include="..\src\IfStatementNode.cpp">
      <Filter>Source Files\Nodes</Filter>
    </ClCompile>
    <ClCompile Include="..\src\CodePositionTable.cpp">
      <Filter>Source Files</Filter>
    </ClCompile>
    <ClCompile Include="..\src\FixUpTable.cpp">
      <Filter>Source Files</Filter>
    </ClCompile>
    <ClCompile Include="..\src\LabelStatementNode.cpp">
      <Filter>Source Files\Nodes</Filter>
    </ClCompile>
    <ClCompile Include="..\src\GotoStatementNode.cpp">
      <Filter>Source Files\Nodes</Filter>
    </ClCompile>
    <ClCompile Include="..\src\ForStatementNode.cpp">
      <Filter>Source Files\Nodes</Filter>
    </ClCompile>
    <ClCompile Include="..\src\FunctionCallExpressionNode.cpp">
      <Filter>Source Files\Nodes</Filter>
    </ClCompile>
    <ClCompile Include="..\src\InputStatementNode.cpp">
      <Filter>Source Files\Nodes</Filter>
    </ClCompile>
  </ItemGroup>
</Project>